
Microsoft Visual Studio Solution File, Format Version 12.00
# Visual Studio Version 17
VisualStudioVersion = 17.6.33829.357
MinimumVisualStudioVersion = 10.0.40219.1
Project("{8BC9CEB8-8B4A-11D0-8D11-00A0C91BC942}") = "ConsoleApplication1", "ConsoleApplication1.vcxproj", "{A35480CE-5D6D-4258-92E2-C10FF794147F}"
EndProject
Global
	GlobalSection(SolutionConfigurationPlatforms) = preSolution
		Debug|x64 = Debug|x64
		Debug|x86 = Debug|x86
		Release|x64 = Release|x64
		Release|x86 = Release|x86
	EndGlobalSection
	GlobalSection(ProjectConfigurationPlatforms) = postSolution
		{A35480CE-5D6D-4258-92E2-C10FF794147F}.Debug|x64.ActiveCfg = Debug|x64
		{A35480CE-5D6D-4258-92E2-C10FF794147F}.Debug|x64.Build.0 = Debug|x64
		{A35480CE-5D6D-4258-92E2-C10FF794147F}.Debug|x86.ActiveCfg = Debug|Win32
		{A35480CE-5D6D-4258-92E2-C10FF794147F}.Debug|x86.Build.0 = Debug|Win32
		{A35480CE-5D6D-4258-92E2-C10FF794147F}.Release|x64.ActiveCfg = Release|x64
		{A35480CE-5D6D-4258-92E2-C10FF794147F}.Release|x64.Build.0 = Release|x64
		{A35480CE-5D6D-4258-92E2-C10FF794147F}.Release|x86.ActiveCfg = Release|Win32
		{A35480CE-5D6D-4258-92E2-C10FF794147F}.Release|x86.Build.0 = Release|Win32
	EndGlobalSection
	GlobalSection(SolutionProperties) = preSolution
		HideSolutionNode = FALSE
	EndGlobalSection
	GlobalSection(ExtensibilityGlobals) = postSolution
		SolutionGuid = {39D6DA38-0524-4695-BF83-D75AFC7610A0}
	EndGlobalSection
EndGlobal
